
Microsoft Visual Studio Solution File, Format Version 12.00
# Visual Studio 15
VisualStudioVersion = 15.0.28010.2036
MinimumVisualStudioVersion = 10.0.40219.1
Project("{8BC9CEB8-8B4A-11D0-8D11-00A0C91BC942}") = "iqSpeedApp", "iqSpeedApp\iqSpeedApp.vcxproj", "{D748F256-6912-4BE3-8DED-747A9A134C1E}"
EndProject
Global
	GlobalSection(SolutionConfigurationPlatforms) = preSolution
		Debug|x64 = Debug|x64
		Debug|x86 = Debug|x86
		Release|x64 = Release|x64
		Release|x86 = Release|x86
	EndGlobalSection
	GlobalSection(ProjectConfigurationPlatforms) = postSolution
		{D748F256-6912-4BE3-8DED-747A9A134C1E}.Debug|x64.ActiveCfg = Debug|x64
		{D748F256-6912-4BE3-8DED-747A9A134C1E}.Debug|x64.Build.0 = Debug|x64
		{D748F256-6912-4BE3-8DED-747A9A134C1E}.Debug|x86.ActiveCfg = Debug|Win32
		{D748F256-6912-4BE3-8DED-747A9A134C1E}.Debug|x86.Build.0 = Debug|Win32
		{D748F256-6912-4BE3-8DED-747A9A134C1E}.Release|x64.ActiveCfg = Release|x64
		{D748F256-6912-4BE3-8DED-747A9A134C1E}.Release|x64.Build.0 = Release|x64
		{D748F256-6912-4BE3-8DED-747A9A134C1E}.Release|x86.ActiveCfg = Release|Win32
		{D748F256-6912-4BE3-8DED-747A9A134C1E}.Release|x86.Build.0 = Release|Win32
	EndGlobalSection
	GlobalSection(SolutionProperties) = preSolution
		HideSolutionNode = FALSE
	EndGlobalSection
	GlobalSection(ExtensibilityGlobals) = postSolution
		SolutionGuid = {419519A4-1A36-4EE3-8C7A-D847577EE6AE}
	EndGlobalSection
EndGlobal
